// !$*UTF8*$!
{
	archiveVersion = 1;
	classes = {
	};
	objectVersion = 56;
	objects = {

/* Begin PBXBuildFile section */
		B626E67928FA041F0008ADFA /* CircleImage.swift in Sources */ = {isa = PBXBuildFile; fileRef = B626E67828FA041F0008ADFA /* CircleImage.swift */; };
		B626E67B28FA08060008ADFA /* MapView.swift in Sources */ = {isa = PBXBuildFile; fileRef = B626E67A28FA08060008ADFA /* MapView.swift */; };
		B626E67D28FAED720008ADFA /* landmarkData.json in Resources */ = {isa = PBXBuildFile; fileRef = B626E67C28FAED720008ADFA /* landmarkData.json */; };
		B626E67F28FAEDAE0008ADFA /* Landmark.swift in Sources */ = {isa = PBXBuildFile; fileRef = B626E67E28FAEDAE0008ADFA /* Landmark.swift */; };
		B626E68128FAEF7F0008ADFA /* ModelData.swift in Sources */ = {isa = PBXBuildFile; fileRef = B626E68028FAEF7F0008ADFA /* ModelData.swift */; };
		B626E68628FAF2D80008ADFA /* LandmarkRow.swift in Sources */ = {isa = PBXBuildFile; fileRef = B626E68528FAF2D80008ADFA /* LandmarkRow.swift */; };
		B626E68828FAF6490008ADFA /* LandmarkList.swift in Sources */ = {isa = PBXBuildFile; fileRef = B626E68728FAF6490008ADFA /* LandmarkList.swift */; };
		B626E68A28FAF7690008ADFA /* LandmarkDetail.swift in Sources */ = {isa = PBXBuildFile; fileRef = B626E68928FAF7690008ADFA /* LandmarkDetail.swift */; };
		B626E68C28FB1D370008ADFA /* FavoriteButton.swift in Sources */ = {isa = PBXBuildFile; fileRef = B626E68B28FB1D370008ADFA /* FavoriteButton.swift */; };
		B626E69028FB21780008ADFA /* HexagonParameteres.swift in Sources */ = {isa = PBXBuildFile; fileRef = B626E68F28FB21780008ADFA /* HexagonParameteres.swift */; };
		B626E69228FB22790008ADFA /* BadgeBackground.swift in Sources */ = {isa = PBXBuildFile; fileRef = B626E69128FB22790008ADFA /* BadgeBackground.swift */; };
		B626E69428FB2A800008ADFA /* BadgeSymbol.swift in Sources */ = {isa = PBXBuildFile; fileRef = B626E69328FB2A800008ADFA /* BadgeSymbol.swift */; };
		B626E69628FB2D0A0008ADFA /* RotatedBadgeSymbol.swift in Sources */ = {isa = PBXBuildFile; fileRef = B626E69528FB2D0A0008ADFA /* RotatedBadgeSymbol.swift */; };
		B626E69828FB2D7F0008ADFA /* Badge.swift in Sources */ = {isa = PBXBuildFile; fileRef = B626E69728FB2D7F0008ADFA /* Badge.swift */; };
		B626E6D328FC5B4E0008ADFA /* hikeData.json in Resources */ = {isa = PBXBuildFile; fileRef = B626E6D228FC5B4E0008ADFA /* hikeData.json */; };
		B626E6D528FC5B850008ADFA /* Hike.swift in Sources */ = {isa = PBXBuildFile; fileRef = B626E6D428FC5B850008ADFA /* Hike.swift */; };
		B626E6DD28FC5D110008ADFA /* GraphCapsule.swift in Sources */ = {isa = PBXBuildFile; fileRef = B626E6D928FC5D110008ADFA /* GraphCapsule.swift */; };
		B626E6DE28FC5D110008ADFA /* HikeGraph.swift in Sources */ = {isa = PBXBuildFile; fileRef = B626E6DA28FC5D110008ADFA /* HikeGraph.swift */; };
		B626E6DF28FC5D110008ADFA /* HikeDetail.swift in Sources */ = {isa = PBXBuildFile; fileRef = B626E6DB28FC5D110008ADFA /* HikeDetail.swift */; };
		B626E6E028FC5D110008ADFA /* HikeView.swift in Sources */ = {isa = PBXBuildFile; fileRef = B626E6DC28FC5D110008ADFA /* HikeView.swift */; };
		B626E6E328FC60E80008ADFA /* CategoryHome.swift in Sources */ = {isa = PBXBuildFile; fileRef = B626E6E228FC60E80008ADFA /* CategoryHome.swift */; };
		B626E6E528FC62830008ADFA /* CategoryRow.swift in Sources */ = {isa = PBXBuildFile; fileRef = B626E6E428FC62830008ADFA /* CategoryRow.swift */; };
		B626E6E728FC63FC0008ADFA /* CategoryItem.swift in Sources */ = {isa = PBXBuildFile; fileRef = B626E6E628FC63FC0008ADFA /* CategoryItem.swift */; };
		B626E6E928FC96BB0008ADFA /* Profile.swift in Sources */ = {isa = PBXBuildFile; fileRef = B626E6E828FC96BB0008ADFA /* Profile.swift */; };
		B626E6EC28FC984D0008ADFA /* ProfileHost.swift in Sources */ = {isa = PBXBuildFile; fileRef = B626E6EB28FC984D0008ADFA /* ProfileHost.swift */; };
		B626E6EE28FC99290008ADFA /* ProfileSummary.swift in Sources */ = {isa = PBXBuildFile; fileRef = B626E6ED28FC99290008ADFA /* ProfileSummary.swift */; };
		B626E6F028FC9B920008ADFA /* HikeBadge.swift in Sources */ = {isa = PBXBuildFile; fileRef = B626E6EF28FC9B920008ADFA /* HikeBadge.swift */; };
		B626E6F228FCA1CD0008ADFA /* ProfileEditor.swift in Sources */ = {isa = PBXBuildFile; fileRef = B626E6F128FCA1CD0008ADFA /* ProfileEditor.swift */; };
		B67A384D28F9D51B00F8FB4C /* FirstSwiftAppApp.swift in Sources */ = {isa = PBXBuildFile; fileRef = B67A384C28F9D51B00F8FB4C /* FirstSwiftAppApp.swift */; };
		B67A384F28F9D51B00F8FB4C /* ContentView.swift in Sources */ = {isa = PBXBuildFile; fileRef = B67A384E28F9D51B00F8FB4C /* ContentView.swift */; };
		B67A385128F9D51C00F8FB4C /* Assets.xcassets in Resources */ = {isa = PBXBuildFile; fileRef = B67A385028F9D51C00F8FB4C /* Assets.xcassets */; };
		B67A385428F9D51C00F8FB4C /* Preview Assets.xcassets in Resources */ = {isa = PBXBuildFile; fileRef = B67A385328F9D51C00F8FB4C /* Preview Assets.xcassets */; };
		B67A385E28F9D51C00F8FB4C /* FirstSwiftAppTests.swift in Sources */ = {isa = PBXBuildFile; fileRef = B67A385D28F9D51C00F8FB4C /* FirstSwiftAppTests.swift */; };
		B67A386828F9D51C00F8FB4C /* FirstSwiftAppUITests.swift in Sources */ = {isa = PBXBuildFile; fileRef = B67A386728F9D51C00F8FB4C /* FirstSwiftAppUITests.swift */; };
		B67A386A28F9D51C00F8FB4C /* FirstSwiftAppUITestsLaunchTests.swift in Sources */ = {isa = PBXBuildFile; fileRef = B67A386928F9D51C00F8FB4C /* FirstSwiftAppUITestsLaunchTests.swift */; };
/* End PBXBuildFile section */

/* Begin PBXContainerItemProxy section */
		B67A385A28F9D51C00F8FB4C /* PBXContainerItemProxy */ = {
			isa = PBXContainerItemProxy;
			containerPortal = B67A384128F9D51B00F8FB4C /* Project object */;
			proxyType = 1;
			remoteGlobalIDString = B67A384828F9D51B00F8FB4C;
			remoteInfo = FirstSwiftApp;
		};
		B67A386428F9D51C00F8FB4C /* PBXContainerItemProxy */ = {
			isa = PBXContainerItemProxy;
			containerPortal = B67A384128F9D51B00F8FB4C /* Project object */;
			proxyType = 1;
			remoteGlobalIDString = B67A384828F9D51B00F8FB4C;
			remoteInfo = FirstSwiftApp;
		};
/* End PBXContainerItemProxy section */

/* Begin PBXFileReference section */
		B626E67828FA041F0008ADFA /* CircleImage.swift */ = {isa = PBXFileReference; lastKnownFileType = sourcecode.swift; path = CircleImage.swift; sourceTree = "<group>"; };
		B626E67A28FA08060008ADFA /* MapView.swift */ = {isa = PBXFileReference; lastKnownFileType = sourcecode.swift; path = MapView.swift; sourceTree = "<group>"; };
		B626E67C28FAED720008ADFA /* landmarkData.json */ = {isa = PBXFileReference; fileEncoding = 4; lastKnownFileType = text.json; path = landmarkData.json; sourceTree = "<group>"; };
		B626E67E28FAEDAE0008ADFA /* Landmark.swift */ = {isa = PBXFileReference; lastKnownFileType = sourcecode.swift; path = Landmark.swift; sourceTree = "<group>"; };
		B626E68028FAEF7F0008ADFA /* ModelData.swift */ = {isa = PBXFileReference; lastKnownFileType = sourcecode.swift; path = ModelData.swift; sourceTree = "<group>"; };
		B626E68528FAF2D80008ADFA /* LandmarkRow.swift */ = {isa = PBXFileReference; lastKnownFileType = sourcecode.swift; path = LandmarkRow.swift; sourceTree = "<group>"; };
		B626E68728FAF6490008ADFA /* LandmarkList.swift */ = {isa = PBXFileReference; lastKnownFileType = sourcecode.swift; path = LandmarkList.swift; sourceTree = "<group>"; };
		B626E68928FAF7690008ADFA /* LandmarkDetail.swift */ = {isa = PBXFileReference; lastKnownFileType = sourcecode.swift; path = LandmarkDetail.swift; sourceTree = "<group>"; };
		B626E68B28FB1D370008ADFA /* FavoriteButton.swift */ = {isa = PBXFileReference; lastKnownFileType = sourcecode.swift; path = FavoriteButton.swift; sourceTree = "<group>"; };
		B626E68F28FB21780008ADFA /* HexagonParameteres.swift */ = {isa = PBXFileReference; lastKnownFileType = sourcecode.swift; path = HexagonParameteres.swift; sourceTree = "<group>"; };
		B626E69128FB22790008ADFA /* BadgeBackground.swift */ = {isa = PBXFileReference; lastKnownFileType = sourcecode.swift; path = BadgeBackground.swift; sourceTree = "<group>"; };
		B626E69328FB2A800008ADFA /* BadgeSymbol.swift */ = {isa = PBXFileReference; lastKnownFileType = sourcecode.swift; path = BadgeSymbol.swift; sourceTree = "<group>"; };
		B626E69528FB2D0A0008ADFA /* RotatedBadgeSymbol.swift */ = {isa = PBXFileReference; lastKnownFileType = sourcecode.swift; path = RotatedBadgeSymbol.swift; sourceTree = "<group>"; };
		B626E69728FB2D7F0008ADFA /* Badge.swift */ = {isa = PBXFileReference; lastKnownFileType = sourcecode.swift; path = Badge.swift; sourceTree = "<group>"; };
		B626E6D228FC5B4E0008ADFA /* hikeData.json */ = {isa = PBXFileReference; fileEncoding = 4; lastKnownFileType = text.json; path = hikeData.json; sourceTree = "<group>"; };
		B626E6D428FC5B850008ADFA /* Hike.swift */ = {isa = PBXFileReference; lastKnownFileType = sourcecode.swift; path = Hike.swift; sourceTree = "<group>"; };
		B626E6D928FC5D110008ADFA /* GraphCapsule.swift */ = {isa = PBXFileReference; fileEncoding = 4; lastKnownFileType = sourcecode.swift; path = GraphCapsule.swift; sourceTree = "<group>"; };
		B626E6DA28FC5D110008ADFA /* HikeGraph.swift */ = {isa = PBXFileReference; fileEncoding = 4; lastKnownFileType = sourcecode.swift; path = HikeGraph.swift; sourceTree = "<group>"; };
		B626E6DB28FC5D110008ADFA /* HikeDetail.swift */ = {isa = PBXFileReference; fileEncoding = 4; lastKnownFileType = sourcecode.swift; path = HikeDetail.swift; sourceTree = "<group>"; };
		B626E6DC28FC5D110008ADFA /* HikeView.swift */ = {isa = PBXFileReference; fileEncoding = 4; lastKnownFileType = sourcecode.swift; path = HikeView.swift; sourceTree = "<group>"; };
		B626E6E228FC60E80008ADFA /* CategoryHome.swift */ = {isa = PBXFileReference; lastKnownFileType = sourcecode.swift; path = CategoryHome.swift; sourceTree = "<group>"; };
		B626E6E428FC62830008ADFA /* CategoryRow.swift */ = {isa = PBXFileReference; lastKnownFileType = sourcecode.swift; path = CategoryRow.swift; sourceTree = "<group>"; };
		B626E6E628FC63FC0008ADFA /* CategoryItem.swift */ = {isa = PBXFileReference; lastKnownFileType = sourcecode.swift; path = CategoryItem.swift; sourceTree = "<group>"; };
		B626E6E828FC96BB0008ADFA /* Profile.swift */ = {isa = PBXFileReference; lastKnownFileType = sourcecode.swift; path = Profile.swift; sourceTree = "<group>"; };
		B626E6EB28FC984D0008ADFA /* ProfileHost.swift */ = {isa = PBXFileReference; lastKnownFileType = sourcecode.swift; path = ProfileHost.swift; sourceTree = "<group>"; };
		B626E6ED28FC99290008ADFA /* ProfileSummary.swift */ = {isa = PBXFileReference; lastKnownFileType = sourcecode.swift; path = ProfileSummary.swift; sourceTree = "<group>"; };
		B626E6EF28FC9B920008ADFA /* HikeBadge.swift */ = {isa = PBXFileReference; lastKnownFileType = sourcecode.swift; path = HikeBadge.swift; sourceTree = "<group>"; };
		B626E6F128FCA1CD0008ADFA /* ProfileEditor.swift */ = {isa = PBXFileReference; lastKnownFileType = sourcecode.swift; path = ProfileEditor.swift; sourceTree = "<group>"; };
		B67A384928F9D51B00F8FB4C /* FirstSwiftApp.app */ = {isa = PBXFileReference; explicitFileType = wrapper.application; includeInIndex = 0; path = FirstSwiftApp.app; sourceTree = BUILT_PRODUCTS_DIR; };
		B67A384C28F9D51B00F8FB4C /* FirstSwiftAppApp.swift */ = {isa = PBXFileReference; lastKnownFileType = sourcecode.swift; path = FirstSwiftAppApp.swift; sourceTree = "<group>"; };
		B67A384E28F9D51B00F8FB4C /* ContentView.swift */ = {isa = PBXFileReference; lastKnownFileType = sourcecode.swift; path = ContentView.swift; sourceTree = "<group>"; };
		B67A385028F9D51C00F8FB4C /* Assets.xcassets */ = {isa = PBXFileReference; lastKnownFileType = folder.assetcatalog; path = Assets.xcassets; sourceTree = "<group>"; };
		B67A385328F9D51C00F8FB4C /* Preview Assets.xcassets */ = {isa = PBXFileReference; lastKnownFileType = folder.assetcatalog; path = "Preview Assets.xcassets"; sourceTree = "<group>"; };
		B67A385928F9D51C00F8FB4C /* FirstSwiftAppTests.xctest */ = {isa = PBXFileReference; explicitFileType = wrapper.cfbundle; includeInIndex = 0; path = FirstSwiftAppTests.xctest; sourceTree = BUILT_PRODUCTS_DIR; };
		B67A385D28F9D51C00F8FB4C /* FirstSwiftAppTests.swift */ = {isa = PBXFileReference; lastKnownFileType = sourcecode.swift; path = FirstSwiftAppTests.swift; sourceTree = "<group>"; };
		B67A386328F9D51C00F8FB4C /* FirstSwiftAppUITests.xctest */ = {isa = PBXFileReference; explicitFileType = wrapper.cfbundle; includeInIndex = 0; path = FirstSwiftAppUITests.xctest; sourceTree = BUILT_PRODUCTS_DIR; };
		B67A386728F9D51C00F8FB4C /* FirstSwiftAppUITests.swift */ = {isa = PBXFileReference; lastKnownFileType = sourcecode.swift; path = FirstSwiftAppUITests.swift; sourceTree = "<group>"; };
		B67A386928F9D51C00F8FB4C /* FirstSwiftAppUITestsLaunchTests.swift */ = {isa = PBXFileReference; lastKnownFileType = sourcecode.swift; path = FirstSwiftAppUITestsLaunchTests.swift; sourceTree = "<group>"; };
/* End PBXFileReference section */

/* Begin PBXFrameworksBuildPhase section */
		B67A384628F9D51B00F8FB4C /* Frameworks */ = {
			isa = PBXFrameworksBuildPhase;
			buildActionMask = 2147483647;
			files = (
			);
			runOnlyForDeploymentPostprocessing = 0;
		};
		B67A385628F9D51C00F8FB4C /* Frameworks */ = {
			isa = PBXFrameworksBuildPhase;
			buildActionMask = 2147483647;
			files = (
			);
			runOnlyForDeploymentPostprocessing = 0;
		};
		B67A386028F9D51C00F8FB4C /* Frameworks */ = {
			isa = PBXFrameworksBuildPhase;
			buildActionMask = 2147483647;
			files = (
			);
			runOnlyForDeploymentPostprocessing = 0;
		};
/* End PBXFrameworksBuildPhase section */

/* Begin PBXGroup section */
		B626E68228FAF1C90008ADFA /* Views */ = {
			isa = PBXGroup;
			children = (
				B626E6EA28FC982E0008ADFA /* Profile */,
				B626E6E128FC60C90008ADFA /* Categories */,
				B626E6D828FC5D110008ADFA /* Hikes */,
				B626E69928FB2ED00008ADFA /* Badges */,
				B626E68E28FB1DEA0008ADFA /* Helpers */,
				B626E68D28FB1DD30008ADFA /* Landmarks */,
				B67A384E28F9D51B00F8FB4C /* ContentView.swift */,
			);
			path = Views;
			sourceTree = "<group>";
		};
		B626E68328FAF1F00008ADFA /* Model */ = {
			isa = PBXGroup;
			children = (
				B626E6D428FC5B850008ADFA /* Hike.swift */,
				B626E67E28FAEDAE0008ADFA /* Landmark.swift */,
				B626E68028FAEF7F0008ADFA /* ModelData.swift */,
				B626E6E828FC96BB0008ADFA /* Profile.swift */,
			);
			path = Model;
			sourceTree = "<group>";
		};
		B626E68428FAF2250008ADFA /* Resources */ = {
			isa = PBXGroup;
			children = (
				B626E6D228FC5B4E0008ADFA /* hikeData.json */,
				B626E67C28FAED720008ADFA /* landmarkData.json */,
			);
			path = Resources;
			sourceTree = "<group>";
		};
		B626E68D28FB1DD30008ADFA /* Landmarks */ = {
			isa = PBXGroup;
			children = (
				B626E68528FAF2D80008ADFA /* LandmarkRow.swift */,
				B626E68728FAF6490008ADFA /* LandmarkList.swift */,
				B626E68928FAF7690008ADFA /* LandmarkDetail.swift */,
			);
			path = Landmarks;
			sourceTree = "<group>";
		};
		B626E68E28FB1DEA0008ADFA /* Helpers */ = {
			isa = PBXGroup;
			children = (
				B626E67828FA041F0008ADFA /* CircleImage.swift */,
				B626E67A28FA08060008ADFA /* MapView.swift */,
				B626E68B28FB1D370008ADFA /* FavoriteButton.swift */,
			);
			path = Helpers;
			sourceTree = "<group>";
		};
		B626E69928FB2ED00008ADFA /* Badges */ = {
			isa = PBXGroup;
			children = (
				B626E68F28FB21780008ADFA /* HexagonParameteres.swift */,
				B626E69128FB22790008ADFA /* BadgeBackground.swift */,
				B626E69328FB2A800008ADFA /* BadgeSymbol.swift */,
				B626E69528FB2D0A0008ADFA /* RotatedBadgeSymbol.swift */,
				B626E69728FB2D7F0008ADFA /* Badge.swift */,
			);
			path = Badges;
			sourceTree = "<group>";
		};
		B626E6D828FC5D110008ADFA /* Hikes */ = {
			isa = PBXGroup;
			children = (
				B626E6D928FC5D110008ADFA /* GraphCapsule.swift */,
				B626E6DA28FC5D110008ADFA /* HikeGraph.swift */,
				B626E6DB28FC5D110008ADFA /* HikeDetail.swift */,
				B626E6DC28FC5D110008ADFA /* HikeView.swift */,
				B626E6EF28FC9B920008ADFA /* HikeBadge.swift */,
			);
			path = Hikes;
			sourceTree = "<group>";
		};
		B626E6E128FC60C90008ADFA /* Categories */ = {
			isa = PBXGroup;
			children = (
				B626E6E228FC60E80008ADFA /* CategoryHome.swift */,
				B626E6E428FC62830008ADFA /* CategoryRow.swift */,
				B626E6E628FC63FC0008ADFA /* CategoryItem.swift */,
			);
			path = Categories;
			sourceTree = "<group>";
		};
		B626E6EA28FC982E0008ADFA /* Profile */ = {
			isa = PBXGroup;
			children = (
				B626E6EB28FC984D0008ADFA /* ProfileHost.swift */,
				B626E6ED28FC99290008ADFA /* ProfileSummary.swift */,
				B626E6F128FCA1CD0008ADFA /* ProfileEditor.swift */,
			);
			path = Profile;
			sourceTree = "<group>";
		};
		B67A384028F9D51B00F8FB4C = {
			isa = PBXGroup;
			children = (
				B67A384B28F9D51B00F8FB4C /* FirstSwiftApp */,
				B67A385C28F9D51C00F8FB4C /* FirstSwiftAppTests */,
				B67A386628F9D51C00F8FB4C /* FirstSwiftAppUITests */,
				B67A384A28F9D51B00F8FB4C /* Products */,
			);
			sourceTree = "<group>";
		};
		B67A384A28F9D51B00F8FB4C /* Products */ = {
			isa = PBXGroup;
			children = (
				B67A384928F9D51B00F8FB4C /* FirstSwiftApp.app */,
				B67A385928F9D51C00F8FB4C /* FirstSwiftAppTests.xctest */,
				B67A386328F9D51C00F8FB4C /* FirstSwiftAppUITests.xctest */,
			);
			name = Products;
			sourceTree = "<group>";
		};
		B67A384B28F9D51B00F8FB4C /* FirstSwiftApp */ = {
			isa = PBXGroup;
			children = (
				B626E68228FAF1C90008ADFA /* Views */,
				B67A384C28F9D51B00F8FB4C /* FirstSwiftAppApp.swift */,
				B626E68428FAF2250008ADFA /* Resources */,
				B626E68328FAF1F00008ADFA /* Model */,
				B67A385028F9D51C00F8FB4C /* Assets.xcassets */,
				B67A385228F9D51C00F8FB4C /* Preview Content */,
			);
			path = FirstSwiftApp;
			sourceTree = "<group>";
		};
		B67A385228F9D51C00F8FB4C /* Preview Content */ = {
			isa = PBXGroup;
			children = (
				B67A385328F9D51C00F8FB4C /* Preview Assets.xcassets */,
			);
			path = "Preview Content";
			sourceTree = "<group>";
		};
		B67A385C28F9D51C00F8FB4C /* FirstSwiftAppTests */ = {
			isa = PBXGroup;
			children = (
				B67A385D28F9D51C00F8FB4C /* FirstSwiftAppTests.swift */,
			);
			path = FirstSwiftAppTests;
			sourceTree = "<group>";
		};
		B67A386628F9D51C00F8FB4C /* FirstSwiftAppUITests */ = {
			isa = PBXGroup;
			children = (
				B67A386728F9D51C00F8FB4C /* FirstSwiftAppUITests.swift */,
				B67A386928F9D51C00F8FB4C /* FirstSwiftAppUITestsLaunchTests.swift */,
			);
			path = FirstSwiftAppUITests;
			sourceTree = "<group>";
		};
/* End PBXGroup section */

/* Begin PBXNativeTarget section */
		B67A384828F9D51B00F8FB4C /* FirstSwiftApp */ = {
			isa = PBXNativeTarget;
			buildConfigurationList = B67A386D28F9D51C00F8FB4C /* Build configuration list for PBXNativeTarget "FirstSwiftApp" */;
			buildPhases = (
				B67A384528F9D51B00F8FB4C /* Sources */,
				B67A384628F9D51B00F8FB4C /* Frameworks */,
				B67A384728F9D51B00F8FB4C /* Resources */,
			);
			buildRules = (
			);
			dependencies = (
			);
			name = FirstSwiftApp;
			productName = FirstSwiftApp;
			productReference = B67A384928F9D51B00F8FB4C /* FirstSwiftApp.app */;
			productType = "com.apple.product-type.application";
		};
		B67A385828F9D51C00F8FB4C /* FirstSwiftAppTests */ = {
			isa = PBXNativeTarget;
			buildConfigurationList = B67A387028F9D51C00F8FB4C /* Build configuration list for PBXNativeTarget "FirstSwiftAppTests" */;
			buildPhases = (
				B67A385528F9D51C00F8FB4C /* Sources */,
				B67A385628F9D51C00F8FB4C /* Frameworks */,
				B67A385728F9D51C00F8FB4C /* Resources */,
			);
			buildRules = (
			);
			dependencies = (
				B67A385B28F9D51C00F8FB4C /* PBXTargetDependency */,
			);
			name = FirstSwiftAppTests;
			productName = FirstSwiftAppTests;
			productReference = B67A385928F9D51C00F8FB4C /* FirstSwiftAppTests.xctest */;
			productType = "com.apple.product-type.bundle.unit-test";
		};
		B67A386228F9D51C00F8FB4C /* FirstSwiftAppUITests */ = {
			isa = PBXNativeTarget;
			buildConfigurationList = B67A387328F9D51C00F8FB4C /* Build configuration list for PBXNativeTarget "FirstSwiftAppUITests" */;
			buildPhases = (
				B67A385F28F9D51C00F8FB4C /* Sources */,
				B67A386028F9D51C00F8FB4C /* Frameworks */,
				B67A386128F9D51C00F8FB4C /* Resources */,
			);
			buildRules = (
			);
			dependencies = (
				B67A386528F9D51C00F8FB4C /* PBXTargetDependency */,
			);
			name = FirstSwiftAppUITests;
			productName = FirstSwiftAppUITests;
			productReference = B67A386328F9D51C00F8FB4C /* FirstSwiftAppUITests.xctest */;
			productType = "com.apple.product-type.bundle.ui-testing";
		};
/* End PBXNativeTarget section */

/* Begin PBXProject section */
		B67A384128F9D51B00F8FB4C /* Project object */ = {
			isa = PBXProject;
			attributes = {
				BuildIndependentTargetsInParallel = 1;
				LastSwiftUpdateCheck = 1400;
				LastUpgradeCheck = 1400;
				TargetAttributes = {
					B67A384828F9D51B00F8FB4C = {
						CreatedOnToolsVersion = 14.0.1;
					};
					B67A385828F9D51C00F8FB4C = {
						CreatedOnToolsVersion = 14.0.1;
						TestTargetID = B67A384828F9D51B00F8FB4C;
					};
					B67A386228F9D51C00F8FB4C = {
						CreatedOnToolsVersion = 14.0.1;
						TestTargetID = B67A384828F9D51B00F8FB4C;
					};
				};
			};
			buildConfigurationList = B67A384428F9D51B00F8FB4C /* Build configuration list for PBXProject "FirstSwiftApp" */;
			compatibilityVersion = "Xcode 14.0";
			developmentRegion = en;
			hasScannedForEncodings = 0;
			knownRegions = (
				en,
				Base,
			);
			mainGroup = B67A384028F9D51B00F8FB4C;
			productRefGroup = B67A384A28F9D51B00F8FB4C /* Products */;
			projectDirPath = "";
			projectRoot = "";
			targets = (
				B67A384828F9D51B00F8FB4C /* FirstSwiftApp */,
				B67A385828F9D51C00F8FB4C /* FirstSwiftAppTests */,
				B67A386228F9D51C00F8FB4C /* FirstSwiftAppUITests */,
			);
		};
/* End PBXProject section */

/* Begin PBXResourcesBuildPhase section */
		B67A384728F9D51B00F8FB4C /* Resources */ = {
			isa = PBXResourcesBuildPhase;
			buildActionMask = 2147483647;
			files = (
				B626E6D328FC5B4E0008ADFA /* hikeData.json in Resources */,
				B67A385428F9D51C00F8FB4C /* Preview Assets.xcassets in Resources */,
				B67A385128F9D51C00F8FB4C /* Assets.xcassets in Resources */,
				B626E67D28FAED720008ADFA /* landmarkData.json in Resources */,
			);
			runOnlyForDeploymentPostprocessing = 0;
		};
		B67A385728F9D51C00F8FB4C /* Resources */ = {
			isa = PBXResourcesBuildPhase;
			buildActionMask = 2147483647;
			files = (
			);
			runOnlyForDeploymentPostprocessing = 0;
		};
		B67A386128F9D51C00F8FB4C /* Resources */ = {
			isa = PBXResourcesBuildPhase;
			buildActionMask = 2147483647;
			files = (
			);
			runOnlyForDeploymentPostprocessing = 0;
		};
/* End PBXResourcesBuildPhase section */

/* Begin PBXSourcesBuildPhase section */
		B67A384528F9D51B00F8FB4C /* Sources */ = {
			isa = PBXSourcesBuildPhase;
			buildActionMask = 2147483647;
			files = (
				B626E6E528FC62830008ADFA /* CategoryRow.swift in Sources */,
				B626E6E928FC96BB0008ADFA /* Profile.swift in Sources */,
				B67A384F28F9D51B00F8FB4C /* ContentView.swift in Sources */,
				B626E6E328FC60E80008ADFA /* CategoryHome.swift in Sources */,
				B626E6DE28FC5D110008ADFA /* HikeGraph.swift in Sources */,
				B626E69828FB2D7F0008ADFA /* Badge.swift in Sources */,
				B626E67B28FA08060008ADFA /* MapView.swift in Sources */,
				B626E6DD28FC5D110008ADFA /* GraphCapsule.swift in Sources */,
				B67A384D28F9D51B00F8FB4C /* FirstSwiftAppApp.swift in Sources */,
				B626E68C28FB1D370008ADFA /* FavoriteButton.swift in Sources */,
				B626E6E728FC63FC0008ADFA /* CategoryItem.swift in Sources */,
				B626E6DF28FC5D110008ADFA /* HikeDetail.swift in Sources */,
				B626E6EE28FC99290008ADFA /* ProfileSummary.swift in Sources */,
				B626E69028FB21780008ADFA /* HexagonParameteres.swift in Sources */,
				B626E6EC28FC984D0008ADFA /* ProfileHost.swift in Sources */,
				B626E6D528FC5B850008ADFA /* Hike.swift in Sources */,
				B626E69628FB2D0A0008ADFA /* RotatedBadgeSymbol.swift in Sources */,
				B626E69428FB2A800008ADFA /* BadgeSymbol.swift in Sources */,
				B626E6F228FCA1CD0008ADFA /* ProfileEditor.swift in Sources */,
				B626E68828FAF6490008ADFA /* LandmarkList.swift in Sources */,
				B626E6E028FC5D110008ADFA /* HikeView.swift in Sources */,
				B626E68A28FAF7690008ADFA /* LandmarkDetail.swift in Sources */,
				B626E69228FB22790008ADFA /* BadgeBackground.swift in Sources */,
				B626E6F028FC9B920008ADFA /* HikeBadge.swift in Sources */,
				B626E67928FA041F0008ADFA /* CircleImage.swift in Sources */,
				B626E67F28FAEDAE0008ADFA /* Landmark.swift in Sources */,
				B626E68628FAF2D80008ADFA /* LandmarkRow.swift in Sources */,
				B626E68128FAEF7F0008ADFA /* ModelData.swift in Sources */,
			);
			runOnlyForDeploymentPostprocessing = 0;
		};
		B67A385528F9D51C00F8FB4C /* Sources */ = {
			isa = PBXSourcesBuildPhase;
			buildActionMask = 2147483647;
			files = (
				B67A385E28F9D51C00F8FB4C /* FirstSwiftAppTests.swift in Sources */,
			);
			runOnlyForDeploymentPostprocessing = 0;
		};
		B67A385F28F9D51C00F8FB4C /* Sources */ = {
			isa = PBXSourcesBuildPhase;
			buildActionMask = 2147483647;
			files = (
				B67A386828F9D51C00F8FB4C /* FirstSwiftAppUITests.swift in Sources */,
				B67A386A28F9D51C00F8FB4C /* FirstSwiftAppUITestsLaunchTests.swift in Sources */,
			);
			runOnlyForDeploymentPostprocessing = 0;
		};
/* End PBXSourcesBuildPhase section */

/* Begin PBXTargetDependency section */
		B67A385B28F9D51C00F8FB4C /* PBXTargetDependency */ = {
			isa = PBXTargetDependency;
			target = B67A384828F9D51B00F8FB4C /* FirstSwiftApp */;
			targetProxy = B67A385A28F9D51C00F8FB4C /* PBXContainerItemProxy */;
		};
		B67A386528F9D51C00F8FB4C /* PBXTargetDependency */ = {
			isa = PBXTargetDependency;
			target = B67A384828F9D51B00F8FB4C /* FirstSwiftApp */;
			targetProxy = B67A386428F9D51C00F8FB4C /* PBXContainerItemProxy */;
		};
/* End PBXTargetDependency section */

/* Begin XCBuildConfiguration section */
		B67A386B28F9D51C00F8FB4C /* Debug */ = {
			isa = XCBuildConfiguration;
			buildSettings = {
				ALWAYS_SEARCH_USER_PATHS = NO;
				CLANG_ANALYZER_NONNULL = YES;
				CLANG_ANALYZER_NUMBER_OBJECT_CONVERSION = YES_AGGRESSIVE;
				CLANG_CXX_LANGUAGE_STANDARD = "gnu++20";
				CLANG_ENABLE_MODULES = YES;
				CLANG_ENABLE_OBJC_ARC = YES;
				CLANG_ENABLE_OBJC_WEAK = YES;
				CLANG_WARN_BLOCK_CAPTURE_AUTORELEASING = YES;
				CLANG_WARN_BOOL_CONVERSION = YES;
				CLANG_WARN_COMMA = YES;
				CLANG_WARN_CONSTANT_CONVERSION = YES;
				CLANG_WARN_DEPRECATED_OBJC_IMPLEMENTATIONS = YES;
				CLANG_WARN_DIRECT_OBJC_ISA_USAGE = YES_ERROR;
				CLANG_WARN_DOCUMENTATION_COMMENTS = YES;
				CLANG_WARN_EMPTY_BODY = YES;
				CLANG_WARN_ENUM_CONVERSION = YES;
				CLANG_WARN_INFINITE_RECURSION = YES;
				CLANG_WARN_INT_CONVERSION = YES;
				CLANG_WARN_NON_LITERAL_NULL_CONVERSION = YES;
				CLANG_WARN_OBJC_IMPLICIT_RETAIN_SELF = YES;
				CLANG_WARN_OBJC_LITERAL_CONVERSION = YES;
				CLANG_WARN_OBJC_ROOT_CLASS = YES_ERROR;
				CLANG_WARN_QUOTED_INCLUDE_IN_FRAMEWORK_HEADER = YES;
				CLANG_WARN_RANGE_LOOP_ANALYSIS = YES;
				CLANG_WARN_STRICT_PROTOTYPES = YES;
				CLANG_WARN_SUSPICIOUS_MOVE = YES;
				CLANG_WARN_UNGUARDED_AVAILABILITY = YES_AGGRESSIVE;
				CLANG_WARN_UNREACHABLE_CODE = YES;
				CLANG_WARN__DUPLICATE_METHOD_MATCH = YES;
				COPY_PHASE_STRIP = NO;
				DEBUG_INFORMATION_FORMAT = dwarf;
				ENABLE_STRICT_OBJC_MSGSEND = YES;
				ENABLE_TESTABILITY = YES;
				GCC_C_LANGUAGE_STANDARD = gnu11;
				GCC_DYNAMIC_NO_PIC = NO;
				GCC_NO_COMMON_BLOCKS = YES;
				GCC_OPTIMIZATION_LEVEL = 0;
				GCC_PREPROCESSOR_DEFINITIONS = (
					"DEBUG=1",
					"$(inherited)",
				);
				GCC_WARN_64_TO_32_BIT_CONVERSION = YES;
				GCC_WARN_ABOUT_RETURN_TYPE = YES_ERROR;
				GCC_WARN_UNDECLARED_SELECTOR = YES;
				GCC_WARN_UNINITIALIZED_AUTOS = YES_AGGRESSIVE;
				GCC_WARN_UNUSED_FUNCTION = YES;
				GCC_WARN_UNUSED_VARIABLE = YES;
				IPHONEOS_DEPLOYMENT_TARGET = 16.0;
				MTL_ENABLE_DEBUG_INFO = INCLUDE_SOURCE;
				MTL_FAST_MATH = YES;
				ONLY_ACTIVE_ARCH = YES;
				SDKROOT = iphoneos;
				SWIFT_ACTIVE_COMPILATION_CONDITIONS = DEBUG;
				SWIFT_OPTIMIZATION_LEVEL = "-Onone";
			};
			name = Debug;
		};
		B67A386C28F9D51C00F8FB4C /* Release */ = {
			isa = XCBuildConfiguration;
			buildSettings = {
				ALWAYS_SEARCH_USER_PATHS = NO;
				CLANG_ANALYZER_NONNULL = YES;
				CLANG_ANALYZER_NUMBER_OBJECT_CONVERSION = YES_AGGRESSIVE;
				CLANG_CXX_LANGUAGE_STANDARD = "gnu++20";
				CLANG_ENABLE_MODULES = YES;
				CLANG_ENABLE_OBJC_ARC = YES;
				CLANG_ENABLE_OBJC_WEAK = YES;
				CLANG_WARN_BLOCK_CAPTURE_AUTORELEASING = YES;
				CLANG_WARN_BOOL_CONVERSION = YES;
				CLANG_WARN_COMMA = YES;
				CLANG_WARN_CONSTANT_CONVERSION = YES;
				CLANG_WARN_DEPRECATED_OBJC_IMPLEMENTATIONS = YES;
				CLANG_WARN_DIRECT_OBJC_ISA_USAGE = YES_ERROR;
				CLANG_WARN_DOCUMENTATION_COMMENTS = YES;
				CLANG_WARN_EMPTY_BODY = YES;
				CLANG_WARN_ENUM_CONVERSION = YES;
				CLANG_WARN_INFINITE_RECURSION = YES;
				CLANG_WARN_INT_CONVERSION = YES;
				CLANG_WARN_NON_LITERAL_NULL_CONVERSION = YES;
				CLANG_WARN_OBJC_IMPLICIT_RETAIN_SELF = YES;
				CLANG_WARN_OBJC_LITERAL_CONVERSION = YES;
				CLANG_WARN_OBJC_ROOT_CLASS = YES_ERROR;
				CLANG_WARN_QUOTED_INCLUDE_IN_FRAMEWORK_HEADER = YES;
				CLANG_WARN_RANGE_LOOP_ANALYSIS = YES;
				CLANG_WARN_STRICT_PROTOTYPES = YES;
				CLANG_WARN_SUSPICIOUS_MOVE = YES;
				CLANG_WARN_UNGUARDED_AVAILABILITY = YES_AGGRESSIVE;
				CLANG_WARN_UNREACHABLE_CODE = YES;
				CLANG_WARN__DUPLICATE_METHOD_MATCH = YES;
				COPY_PHASE_STRIP = NO;
				DEBUG_INFORMATION_FORMAT = "dwarf-with-dsym";
				ENABLE_NS_ASSERTIONS = NO;
				ENABLE_STRICT_OBJC_MSGSEND = YES;
				GCC_C_LANGUAGE_STANDARD = gnu11;
				GCC_NO_COMMON_BLOCKS = YES;
				GCC_WARN_64_TO_32_BIT_CONVERSION = YES;
				GCC_WARN_ABOUT_RETURN_TYPE = YES_ERROR;
				GCC_WARN_UNDECLARED_SELECTOR = YES;
				GCC_WARN_UNINITIALIZED_AUTOS = YES_AGGRESSIVE;
				GCC_WARN_UNUSED_FUNCTION = YES;
				GCC_WARN_UNUSED_VARIABLE = YES;
				IPHONEOS_DEPLOYMENT_TARGET = 16.0;
				MTL_ENABLE_DEBUG_INFO = NO;
				MTL_FAST_MATH = YES;
				SDKROOT = iphoneos;
				SWIFT_COMPILATION_MODE = wholemodule;
				SWIFT_OPTIMIZATION_LEVEL = "-O";
				VALIDATE_PRODUCT = YES;
			};
			name = Release;
		};
		B67A386E28F9D51C00F8FB4C /* Debug */ = {
			isa = XCBuildConfiguration;
			buildSettings = {
				ASSETCATALOG_COMPILER_APPICON_NAME = AppIcon;
				ASSETCATALOG_COMPILER_GLOBAL_ACCENT_COLOR_NAME = AccentColor;
				CODE_SIGN_STYLE = Automatic;
				CURRENT_PROJECT_VERSION = 1;
				DEVELOPMENT_ASSET_PATHS = "\"FirstSwiftApp/Preview Content\"";
				DEVELOPMENT_TEAM = 689AY67244;
				ENABLE_PREVIEWS = YES;
				GENERATE_INFOPLIST_FILE = YES;
				INFOPLIST_KEY_UIApplicationSceneManifest_Generation = YES;
				INFOPLIST_KEY_UIApplicationSupportsIndirectInputEvents = YES;
				INFOPLIST_KEY_UILaunchScreen_Generation = YES;
				INFOPLIST_KEY_UISupportedInterfaceOrientations_iPad = "UIInterfaceOrientationPortrait UIInterfaceOrientationPortraitUpsideDown UIInterfaceOrientationLandscapeLeft UIInterfaceOrientationLandscapeRight";
				INFOPLIST_KEY_UISupportedInterfaceOrientations_iPhone = "UIInterfaceOrientationPortrait UIInterfaceOrientationLandscapeLeft UIInterfaceOrientationLandscapeRight";
				LD_RUNPATH_SEARCH_PATHS = (
					"$(inherited)",
					"@executable_path/Frameworks",
				);
				MARKETING_VERSION = 1.0;
				PRODUCT_BUNDLE_IDENTIFIER = Hulex.FirstSwiftApp;
				PRODUCT_NAME = "$(TARGET_NAME)";
				SWIFT_EMIT_LOC_STRINGS = YES;
				SWIFT_VERSION = 5.0;
				TARGETED_DEVICE_FAMILY = "1,2";
			};
			name = Debug;
		};
		B67A386F28F9D51C00F8FB4C /* Release */ = {
			isa = XCBuildConfiguration;
			buildSettings = {
				ASSETCATALOG_COMPILER_APPICON_NAME = AppIcon;
				ASSETCATALOG_COMPILER_GLOBAL_ACCENT_COLOR_NAME = AccentColor;
				CODE_SIGN_STYLE = Automatic;
				CURRENT_PROJECT_VERSION = 1;
				DEVELOPMENT_ASSET_PATHS = "\"FirstSwiftApp/Preview Content\"";
				DEVELOPMENT_TEAM = 689AY67244;
				ENABLE_PREVIEWS = YES;
				GENERATE_INFOPLIST_FILE = YES;
				INFOPLIST_KEY_UIApplicationSceneManifest_Generation = YES;
				INFOPLIST_KEY_UIApplicationSupportsIndirectInputEvents = YES;
				INFOPLIST_KEY_UILaunchScreen_Generation = YES;
				INFOPLIST_KEY_UISupportedInterfaceOrientations_iPad = "UIInterfaceOrientationPortrait UIInterfaceOrientationPortraitUpsideDown UIInterfaceOrientationLandscapeLeft UIInterfaceOrientationLandscapeRight";
				INFOPLIST_KEY_UISupportedInterfaceOrientations_iPhone = "UIInterfaceOrientationPortrait UIInterfaceOrientationLandscapeLeft UIInterfaceOrientationLandscapeRight";
				LD_RUNPATH_SEARCH_PATHS = (
					"$(inherited)",
					"@executable_path/Frameworks",
				);
				MARKETING_VERSION = 1.0;
				PRODUCT_BUNDLE_IDENTIFIER = Hulex.FirstSwiftApp;
				PRODUCT_NAME = "$(TARGET_NAME)";
				SWIFT_EMIT_LOC_STRINGS = YES;
				SWIFT_VERSION = 5.0;
				TARGETED_DEVICE_FAMILY = "1,2";
			};
			name = Release;
		};
		B67A387128F9D51C00F8FB4C /* Debug */ = {
			isa = XCBuildConfiguration;
			buildSettings = {
				ALWAYS_EMBED_SWIFT_STANDARD_LIBRARIES = YES;
				BUNDLE_LOADER = "$(TEST_HOST)";
				CODE_SIGN_STYLE = Automatic;
				CURRENT_PROJECT_VERSION = 1;
				DEVELOPMENT_TEAM = 689AY67244;
				GENERATE_INFOPLIST_FILE = YES;
				IPHONEOS_DEPLOYMENT_TARGET = 16.0;
				MARKETING_VERSION = 1.0;
				PRODUCT_BUNDLE_IDENTIFIER = Hulex.FirstSwiftAppTests;
				PRODUCT_NAME = "$(TARGET_NAME)";
				SWIFT_EMIT_LOC_STRINGS = NO;
				SWIFT_VERSION = 5.0;
				TARGETED_DEVICE_FAMILY = "1,2";
				TEST_HOST = "$(BUILT_PRODUCTS_DIR)/FirstSwiftApp.app/$(BUNDLE_EXECUTABLE_FOLDER_PATH)/FirstSwiftApp";
			};
			name = Debug;
		};
		B67A387228F9D51C00F8FB4C /* Release */ = {
			isa = XCBuildConfiguration;
			buildSettings = {
				ALWAYS_EMBED_SWIFT_STANDARD_LIBRARIES = YES;
				BUNDLE_LOADER = "$(TEST_HOST)";
				CODE_SIGN_STYLE = Automatic;
				CURRENT_PROJECT_VERSION = 1;
				DEVELOPMENT_TEAM = 689AY67244;
				GENERATE_INFOPLIST_FILE = YES;
				IPHONEOS_DEPLOYMENT_TARGET = 16.0;
				MARKETING_VERSION = 1.0;
				PRODUCT_BUNDLE_IDENTIFIER = Hulex.FirstSwiftAppTests;
				PRODUCT_NAME = "$(TARGET_NAME)";
				SWIFT_EMIT_LOC_STRINGS = NO;
				SWIFT_VERSION = 5.0;
				TARGETED_DEVICE_FAMILY = "1,2";
				TEST_HOST = "$(BUILT_PRODUCTS_DIR)/FirstSwiftApp.app/$(BUNDLE_EXECUTABLE_FOLDER_PATH)/FirstSwiftApp";
			};
			name = Release;
		};
		B67A387428F9D51C00F8FB4C /* Debug */ = {
			isa = XCBuildConfiguration;
			buildSettings = {
				ALWAYS_EMBED_SWIFT_STANDARD_LIBRARIES = YES;
				CODE_SIGN_STYLE = Automatic;
				CURRENT_PROJECT_VERSION = 1;
				DEVELOPMENT_TEAM = 689AY67244;
				GENERATE_INFOPLIST_FILE = YES;
				MARKETING_VERSION = 1.0;
				PRODUCT_BUNDLE_IDENTIFIER = Hulex.FirstSwiftAppUITests;
				PRODUCT_NAME = "$(TARGET_NAME)";
				SWIFT_EMIT_LOC_STRINGS = NO;
				SWIFT_VERSION = 5.0;
				TARGETED_DEVICE_FAMILY = "1,2";
				TEST_TARGET_NAME = FirstSwiftApp;
			};
			name = Debug;
		};
		B67A387528F9D51C00F8FB4C /* Release */ = {
			isa = XCBuildConfiguration;
			buildSettings = {
				ALWAYS_EMBED_SWIFT_STANDARD_LIBRARIES = YES;
				CODE_SIGN_STYLE = Automatic;
				CURRENT_PROJECT_VERSION = 1;
				DEVELOPMENT_TEAM = 689AY67244;
				GENERATE_INFOPLIST_FILE = YES;
				MARKETING_VERSION = 1.0;
				PRODUCT_BUNDLE_IDENTIFIER = Hulex.FirstSwiftAppUITests;
				PRODUCT_NAME = "$(TARGET_NAME)";
				SWIFT_EMIT_LOC_STRINGS = NO;
				SWIFT_VERSION = 5.0;
				TARGETED_DEVICE_FAMILY = "1,2";
				TEST_TARGET_NAME = FirstSwiftApp;
			};
			name = Release;
		};
/* End XCBuildConfiguration section */

/* Begin XCConfigurationList section */
		B67A384428F9D51B00F8FB4C /* Build configuration list for PBXProject "FirstSwiftApp" */ = {
			isa = XCConfigurationList;
			buildConfigurations = (
				B67A386B28F9D51C00F8FB4C /* Debug */,
				B67A386C28F9D51C00F8FB4C /* Release */,
			);
			defaultConfigurationIsVisible = 0;
			defaultConfigurationName = Release;
		};
		B67A386D28F9D51C00F8FB4C /* Build configuration list for PBXNativeTarget "FirstSwiftApp" */ = {
			isa = XCConfigurationList;
			buildConfigurations = (
				B67A386E28F9D51C00F8FB4C /* Debug */,
				B67A386F28F9D51C00F8FB4C /* Release */,
			);
			defaultConfigurationIsVisible = 0;
			defaultConfigurationName = Release;
		};
		B67A387028F9D51C00F8FB4C /* Build configuration list for PBXNativeTarget "FirstSwiftAppTests" */ = {
			isa = XCConfigurationList;
			buildConfigurations = (
				B67A387128F9D51C00F8FB4C /* Debug */,
				B67A387228F9D51C00F8FB4C /* Release */,
			);
			defaultConfigurationIsVisible = 0;
			defaultConfigurationName = Release;
		};
		B67A387328F9D51C00F8FB4C /* Build configuration list for PBXNativeTarget "FirstSwiftAppUITests" */ = {
			isa = XCConfigurationList;
			buildConfigurations = (
				B67A387428F9D51C00F8FB4C /* Debug */,
				B67A387528F9D51C00F8FB4C /* Release */,
			);
			defaultConfigurationIsVisible = 0;
			defaultConfigurationName = Release;
		};
/* End XCConfigurationList section */
	};
	rootObject = B67A384128F9D51B00F8FB4C /* Project object */;
}
